<?xml version="1.0" encoding="utf-8"?>
<Project ToolsVersion="4.0" xmlns="http://schemas.microsoft.com/developer/msbuild/2003">
  <ItemGroup>
    <Filter Include="Source Files">
      <UniqueIdentifier>{4FC737F1-C7A5-4376-A066-2A32D752A2FF}</UniqueIdentifier>
      <Extensions>cpp;c;cc;cxx;c++;cppm;ixx;def;odl;idl;hpj;bat;asm;asmx</Extensions>
    </Filter>
    <Filter Include="Header Files">
      <UniqueIdentifier>{93995380-89BD-4b04-88EB-625FBE52EBFB}</UniqueIdentifier>
      <Extensions>h;hh;hpp;hxx;h++;hm;inl;inc;ipp;xsd</Extensions>
    </Filter>
    <Filter Include="Resource Files">
      <UniqueIdentifier>{67DA6AB6-F800-4c08-8B7A-83BB121AAD01}</UniqueIdentifier>
      <Extensions>rc;ico;cur;bmp;dlg;rc2;rct;bin;rgs;gif;jpg;jpeg;jpe;resx;tiff;tif;png;wav;mfcribbon-ms</Extensions>
    </Filter>
  </ItemGroup>
  <ItemGroup>
    <ClInclude Include="exercises\Chapter2\chapter2.h">
      <Filter>Header Files</Filter>
    </ClInclude>
    <ClInclude Include="exercises\Chapter2\chapter2_exercise1.h">
      <Filter>Header Files</Filter>
    </ClInclude>
    <ClInclude Include="exercises\Chapter2\chapter2_exercise2.h">
      <Filter>Header Files</Filter>
    </ClInclude>
    <ClInclude Include="exercises\Chapter2\chapter2_exercise3.h">
      <Filter>Header Files</Filter>
    </ClInclude>
    <ClInclude Include="exercises\Chapter2\chapter2_exercise4.h">
      <Filter>Header Files</Filter>
    </ClInclude>
    <ClInclude Include="exercises\Chapter2\chapter2_exercise5.h">
      <Filter>Header Files</Filter>
    </ClInclude>
    <ClInclude Include="exercises\Chapter2\chapter2_exercise6.h">
      <Filter>Header Files</Filter>
    </ClInclude>
    <ClInclude Include="exercises\Chapter2\chapter2_exercise7.h">
      <Filter>Header Files</Filter>
    </ClInclude>
    <ClInclude Include="exercises\Chapter2\chapter2_exercise8.h">
      <Filter>Header Files</Filter>
    </ClInclude>
    <ClInclude Include="exercises\Chapter2\chapter2_exercise9.h">
      <Filter>Header Files</Filter>
    </ClInclude>
    <ClInclude Include="exercises\Chapter2\chapter2_exercise10.h">
      <Filter>Header Files</Filter>
    </ClInclude>
    <ClInclude Include="exercises\Chapter2\chapter2_exercise11.h">
      <Filter>Header Files</Filter>
    </ClInclude>
    <ClInclude Include="exercises\Chapter2\chapter2_exercise12.h">
      <Filter>Header Files</Filter>
    </ClInclude>
    <ClInclude Include="exercises\Chapter3\chapter3.h">
      <Filter>Header Files</Filter>
    </ClInclude>
    <ClInclude Include="exercises\Chapter3\chapter3_exercise1.h">
      <Filter>Header Files</Filter>
    </ClInclude>
    <ClInclude Include="exercises\Chapter3\chapter3_exercise10.h">
      <Filter>Header Files</Filter>
    </ClInclude>
    <ClInclude Include="exercises\Chapter3\chapter3_exercise11.h">
      <Filter>Header Files</Filter>
    </ClInclude>
    <ClInclude Include="exercises\Chapter3\chapter3_exercise12.h">
      <Filter>Header Files</Filter>
    </ClInclude>
    <ClInclude Include="exercises\Chapter3\chapter3_exercise2.h">
      <Filter>Header Files</Filter>
    </ClInclude>
    <ClInclude Include="exercises\Chapter3\chapter3_exercise3.h">
      <Filter>Header Files</Filter>
    </ClInclude>
    <ClInclude Include="exercises\Chapter3\chapter3_exercise4.h">
      <Filter>Header Files</Filter>
    </ClInclude>
    <ClInclude Include="exercises\Chapter3\chapter3_exercise5.h">
      <Filter>Header Files</Filter>
    </ClInclude>
    <ClInclude Include="exercises\Chapter3\chapter3_exercise6.h">
      <Filter>Header Files</Filter>
    </ClInclude>
    <ClInclude Include="exercises\Chapter3\chapter3_exercise7.h">
      <Filter>Header Files</Filter>
    </ClInclude>
    <ClInclude Include="exercises\Chapter3\chapter3_exercise8.h">
      <Filter>Header Files</Filter>
    </ClInclude>
    <ClInclude Include="exercises\Chapter3\chapter3_exercise9.h">
      <Filter>Header Files</Filter>
    </ClInclude>
  </ItemGroup>
  <ItemGroup>
    <ClCompile Include="exercises\Chapter2\chapter2_menu.cpp">
      <Filter>Source Files</Filter>
    </ClCompile>
    <ClCompile Include="exercises\Chapter2\chapter2_exercise1.cpp">
      <Filter>Source Files</Filter>
    </ClCompile>
    <ClCompile Include="exercises\Chapter2\chapter2_exercise2.cpp">
      <Filter>Source Files</Filter>
    </ClCompile>
    <ClCompile Include="exercises\Chapter2\chapter2_exercise3.cpp">
      <Filter>Source Files</Filter>
    </ClCompile>
    <ClCompile Include="exercises\Chapter2\chapter2_exercise4.cpp">
      <Filter>Source Files</Filter>
    </ClCompile>
    <ClCompile Include="exercises\Chapter2\chapter2_exercise5.cpp">
      <Filter>Source Files</Filter>
    </ClCompile>
    <ClCompile Include="exercises\Chapter2\chapter2_exercise6.cpp">
      <Filter>Source Files</Filter>
    </ClCompile>
    <ClCompile Include="exercises\Chapter2\chapter2_exercise7.cpp">
      <Filter>Source Files</Filter>
    </ClCompile>
    <ClCompile Include="exercises\Chapter2\chapter2_exercise8.cpp">
      <Filter>Source Files</Filter>
    </ClCompile>
    <ClCompile Include="exercises\Chapter2\chapter2_exercise9.cpp">
      <Filter>Source Files</Filter>
    </ClCompile>
    <ClCompile Include="exercises\Chapter2\chapter2_exercise10.cpp">
      <Filter>Source Files</Filter>
    </ClCompile>
    <ClCompile Include="exercises\Chapter2\chapter2_exercise11.cpp">
      <Filter>Source Files</Filter>
    </ClCompile>
    <ClCompile Include="exercises\Chapter2\chapter2_exercise12.cpp">
      <Filter>Source Files</Filter>
    </ClCompile>
    <ClCompile Include="main.cpp">
      <Filter>Source Files</Filter>
    </ClCompile>
    <ClCompile Include="exercises\Chapter3\chapter3_menu.cpp">
      <Filter>Source Files</Filter>
    </ClCompile>
    <ClCompile Include="exercises\Chapter3\chapter3_exercise1.cpp">
      <Filter>Source Files</Filter>
    </ClCompile>
    <ClCompile Include="exercises\Chapter3\chapter3_exercise10.cpp">
      <Filter>Source Files</Filter>
    </ClCompile>
    <ClCompile Include="exercises\Chapter3\chapter3_exercise11.cpp">
      <Filter>Source Files</Filter>
    </ClCompile>
    <ClCompile Include="exercises\Chapter3\chapter3_exercise12.cpp">
      <Filter>Source Files</Filter>
    </ClCompile>
    <ClCompile Include="exercises\Chapter3\chapter3_exercise2.cpp">
      <Filter>Source Files</Filter>
    </ClCompile>
    <ClCompile Include="exercises\Chapter3\chapter3_exercise3.cpp">
      <Filter>Source Files</Filter>
    </ClCompile>
    <ClCompile Include="exercises\Chapter3\chapter3_exercise4.cpp">
      <Filter>Source Files</Filter>
    </ClCompile>
    <ClCompile Include="exercises\Chapter3\chapter3_exercise5.cpp">
      <Filter>Source Files</Filter>
    </ClCompile>
    <ClCompile Include="exercises\Chapter3\chapter3_exercise6.cpp">
      <Filter>Source Files</Filter>
    </ClCompile>
    <ClCompile Include="exercises\Chapter3\chapter3_exercise7.cpp">
      <Filter>Source Files</Filter>
    </ClCompile>
    <ClCompile Include="exercises\Chapter3\chapter3_exercise8.cpp">
      <Filter>Source Files</Filter>
    </ClCompile>
    <ClCompile Include="exercises\Chapter3\chapter3_exercise9.cpp">
      <Filter>Source Files</Filter>
    </ClCompile>
  </ItemGroup>
  <ItemGroup>
    <None Include=".gitattributes" />
    <None Include=".gitignore" />
    <None Include="README.md" />
  </ItemGroup>
</Project>